// !$*UTF8*$!
{
	archiveVersion = 1;
	classes = {
	};
	objectVersion = 56;
	objects = {

/* Begin PBXBuildFile section */
		85297D5029B8ABEF001ACE8F /* SwiftStomp in Frameworks */ = {isa = PBXBuildFile; productRef = 85297D4F29B8ABEF001ACE8F /* SwiftStomp */; };
		85813C8529B062C500D84737 /* API.swift in Sources */ = {isa = PBXBuildFile; fileRef = 85813C8429B062C500D84737 /* API.swift */; };
		85813C8B29B0635300D84737 /* Alamofire in Frameworks */ = {isa = PBXBuildFile; productRef = 85813C8A29B0635300D84737 /* Alamofire */; };
		85813C8E29B0636100D84737 /* SnapKit in Frameworks */ = {isa = PBXBuildFile; productRef = 85813C8D29B0636100D84737 /* SnapKit */; };
		85813C9129B0637500D84737 /* Then in Frameworks */ = {isa = PBXBuildFile; productRef = 85813C9029B0637500D84737 /* Then */; };
		85813C9429B063A000D84737 /* MessageKit in Frameworks */ = {isa = PBXBuildFile; productRef = 85813C9329B063A000D84737 /* MessageKit */; };
		85FF8FFE29B0616000BD5027 /* AppDelegate.swift in Sources */ = {isa = PBXBuildFile; fileRef = 85FF8FFD29B0616000BD5027 /* AppDelegate.swift */; };
		85FF900029B0616000BD5027 /* SceneDelegate.swift in Sources */ = {isa = PBXBuildFile; fileRef = 85FF8FFF29B0616000BD5027 /* SceneDelegate.swift */; };
		85FF900229B0616000BD5027 /* ViewController.swift in Sources */ = {isa = PBXBuildFile; fileRef = 85FF900129B0616000BD5027 /* ViewController.swift */; };
		85FF900A29B0616000BD5027 /* Assets.xcassets in Resources */ = {isa = PBXBuildFile; fileRef = 85FF900929B0616000BD5027 /* Assets.xcassets */; };
		85FF900D29B0616000BD5027 /* LaunchScreen.storyboard in Resources */ = {isa = PBXBuildFile; fileRef = 85FF900B29B0616000BD5027 /* LaunchScreen.storyboard */; };
		85FF902429B061BC00BD5027 /* Channel.swift in Sources */ = {isa = PBXBuildFile; fileRef = 85FF901429B061BA00BD5027 /* Channel.swift */; };
		85FF902529B061BC00BD5027 /* ChannelVC.swift in Sources */ = {isa = PBXBuildFile; fileRef = 85FF901529B061BA00BD5027 /* ChannelVC.swift */; };
		85FF902629B061BC00BD5027 /* Question.swift in Sources */ = {isa = PBXBuildFile; fileRef = 85FF901629B061BA00BD5027 /* Question.swift */; };
		85FF902729B061BC00BD5027 /* SignUpVC.swift in Sources */ = {isa = PBXBuildFile; fileRef = 85FF901729B061BA00BD5027 /* SignUpVC.swift */; };
		85FF902829B061BC00BD5027 /* MessageVC.swift in Sources */ = {isa = PBXBuildFile; fileRef = 85FF901829B061BA00BD5027 /* MessageVC.swift */; };
		85FF902929B061BC00BD5027 /* Signup.swift in Sources */ = {isa = PBXBuildFile; fileRef = 85FF901929B061BA00BD5027 /* Signup.swift */; };
		85FF902A29B061BC00BD5027 /* ImageItem.swift in Sources */ = {isa = PBXBuildFile; fileRef = 85FF901A29B061BB00BD5027 /* ImageItem.swift */; };
		85FF902B29B061BC00BD5027 /* Mocks.swift in Sources */ = {isa = PBXBuildFile; fileRef = 85FF901B29B061BB00BD5027 /* Mocks.swift */; };
		85FF902C29B061BC00BD5027 /* SignInVC.swift in Sources */ = {isa = PBXBuildFile; fileRef = 85FF901C29B061BB00BD5027 /* SignInVC.swift */; };
		85FF902D29B061BC00BD5027 /* Message .swift in Sources */ = {isa = PBXBuildFile; fileRef = 85FF901D29B061BB00BD5027 /* Message .swift */; };
		85FF902E29B061BC00BD5027 /* Color.swift in Sources */ = {isa = PBXBuildFile; fileRef = 85FF901E29B061BB00BD5027 /* Color.swift */; };
		85FF903029B061BC00BD5027 /* Signin.swift in Sources */ = {isa = PBXBuildFile; fileRef = 85FF902029B061BC00BD5027 /* Signin.swift */; };
		85FF903129B061BC00BD5027 /* MessageTableViewCell.swift in Sources */ = {isa = PBXBuildFile; fileRef = 85FF902129B061BC00BD5027 /* MessageTableViewCell.swift */; };
		85FF903229B061BC00BD5027 /* NSObjc.swift in Sources */ = {isa = PBXBuildFile; fileRef = 85FF902229B061BC00BD5027 /* NSObjc.swift */; };
		85FF903329B061BC00BD5027 /* Sender.swift in Sources */ = {isa = PBXBuildFile; fileRef = 85FF902329B061BC00BD5027 /* Sender.swift */; };
/* End PBXBuildFile section */

/* Begin PBXFileReference section */
		85813C8429B062C500D84737 /* API.swift */ = {isa = PBXFileReference; lastKnownFileType = sourcecode.swift; path = API.swift; sourceTree = "<group>"; };
		85FF8FFA29B0616000BD5027 /* Socket.app */ = {isa = PBXFileReference; explicitFileType = wrapper.application; includeInIndex = 0; path = Socket.app; sourceTree = BUILT_PRODUCTS_DIR; };
		85FF8FFD29B0616000BD5027 /* AppDelegate.swift */ = {isa = PBXFileReference; lastKnownFileType = sourcecode.swift; path = AppDelegate.swift; sourceTree = "<group>"; };
		85FF8FFF29B0616000BD5027 /* SceneDelegate.swift */ = {isa = PBXFileReference; lastKnownFileType = sourcecode.swift; path = SceneDelegate.swift; sourceTree = "<group>"; };
		85FF900129B0616000BD5027 /* ViewController.swift */ = {isa = PBXFileReference; lastKnownFileType = sourcecode.swift; path = ViewController.swift; sourceTree = "<group>"; };
		85FF900929B0616000BD5027 /* Assets.xcassets */ = {isa = PBXFileReference; lastKnownFileType = folder.assetcatalog; path = Assets.xcassets; sourceTree = "<group>"; };
		85FF900C29B0616000BD5027 /* Base */ = {isa = PBXFileReference; lastKnownFileType = file.storyboard; name = Base; path = Base.lproj/LaunchScreen.storyboard; sourceTree = "<group>"; };
		85FF900E29B0616000BD5027 /* Info.plist */ = {isa = PBXFileReference; lastKnownFileType = text.plist.xml; path = Info.plist; sourceTree = "<group>"; };
		85FF901429B061BA00BD5027 /* Channel.swift */ = {isa = PBXFileReference; fileEncoding = 4; lastKnownFileType = sourcecode.swift; path = Channel.swift; sourceTree = "<group>"; };
		85FF901529B061BA00BD5027 /* ChannelVC.swift */ = {isa = PBXFileReference; fileEncoding = 4; lastKnownFileType = sourcecode.swift; path = ChannelVC.swift; sourceTree = "<group>"; };
		85FF901629B061BA00BD5027 /* Question.swift */ = {isa = PBXFileReference; fileEncoding = 4; lastKnownFileType = sourcecode.swift; path = Question.swift; sourceTree = "<group>"; };
		85FF901729B061BA00BD5027 /* SignUpVC.swift */ = {isa = PBXFileReference; fileEncoding = 4; lastKnownFileType = sourcecode.swift; path = SignUpVC.swift; sourceTree = "<group>"; };
		85FF901829B061BA00BD5027 /* MessageVC.swift */ = {isa = PBXFileReference; fileEncoding = 4; lastKnownFileType = sourcecode.swift; path = MessageVC.swift; sourceTree = "<group>"; };
		85FF901929B061BA00BD5027 /* Signup.swift */ = {isa = PBXFileReference; fileEncoding = 4; lastKnownFileType = sourcecode.swift; path = Signup.swift; sourceTree = "<group>"; };
		85FF901A29B061BB00BD5027 /* ImageItem.swift */ = {isa = PBXFileReference; fileEncoding = 4; lastKnownFileType = sourcecode.swift; path = ImageItem.swift; sourceTree = "<group>"; };
		85FF901B29B061BB00BD5027 /* Mocks.swift */ = {isa = PBXFileReference; fileEncoding = 4; lastKnownFileType = sourcecode.swift; path = Mocks.swift; sourceTree = "<group>"; };
		85FF901C29B061BB00BD5027 /* SignInVC.swift */ = {isa = PBXFileReference; fileEncoding = 4; lastKnownFileType = sourcecode.swift; path = SignInVC.swift; sourceTree = "<group>"; };
		85FF901D29B061BB00BD5027 /* Message .swift */ = {isa = PBXFileReference; fileEncoding = 4; lastKnownFileType = sourcecode.swift; path = "Message .swift"; sourceTree = "<group>"; };
		85FF901E29B061BB00BD5027 /* Color.swift */ = {isa = PBXFileReference; fileEncoding = 4; lastKnownFileType = sourcecode.swift; path = Color.swift; sourceTree = "<group>"; };
		85FF902029B061BC00BD5027 /* Signin.swift */ = {isa = PBXFileReference; fileEncoding = 4; lastKnownFileType = sourcecode.swift; path = Signin.swift; sourceTree = "<group>"; };
		85FF902129B061BC00BD5027 /* MessageTableViewCell.swift */ = {isa = PBXFileReference; fileEncoding = 4; lastKnownFileType = sourcecode.swift; path = MessageTableViewCell.swift; sourceTree = "<group>"; };
		85FF902229B061BC00BD5027 /* NSObjc.swift */ = {isa = PBXFileReference; fileEncoding = 4; lastKnownFileType = sourcecode.swift; path = NSObjc.swift; sourceTree = "<group>"; };
		85FF902329B061BC00BD5027 /* Sender.swift */ = {isa = PBXFileReference; fileEncoding = 4; lastKnownFileType = sourcecode.swift; path = Sender.swift; sourceTree = "<group>"; };
/* End PBXFileReference section */

/* Begin PBXFrameworksBuildPhase section */
		85FF8FF729B0616000BD5027 /* Frameworks */ = {
			isa = PBXFrameworksBuildPhase;
			buildActionMask = 2147483647;
			files = (
				85813C9129B0637500D84737 /* Then in Frameworks */,
				85813C8B29B0635300D84737 /* Alamofire in Frameworks */,
				85813C8E29B0636100D84737 /* SnapKit in Frameworks */,
				85297D5029B8ABEF001ACE8F /* SwiftStomp in Frameworks */,
				85813C9429B063A000D84737 /* MessageKit in Frameworks */,
			);
			runOnlyForDeploymentPostprocessing = 0;
		};
/* End PBXFrameworksBuildPhase section */

/* Begin PBXGroup section */
		85FF8FF129B0616000BD5027 = {
			isa = PBXGroup;
			children = (
				85FF8FFC29B0616000BD5027 /* Socket */,
				85FF8FFB29B0616000BD5027 /* Products */,
			);
			sourceTree = "<group>";
		};
		85FF8FFB29B0616000BD5027 /* Products */ = {
			isa = PBXGroup;
			children = (
				85FF8FFA29B0616000BD5027 /* Socket.app */,
			);
			name = Products;
			sourceTree = "<group>";
		};
		85FF8FFC29B0616000BD5027 /* Socket */ = {
			isa = PBXGroup;
			children = (
				85FF8FFD29B0616000BD5027 /* AppDelegate.swift */,
				85FF8FFF29B0616000BD5027 /* SceneDelegate.swift */,
				85FF900129B0616000BD5027 /* ViewController.swift */,
				85FF900929B0616000BD5027 /* Assets.xcassets */,
				85FF900B29B0616000BD5027 /* LaunchScreen.storyboard */,
				85FF900E29B0616000BD5027 /* Info.plist */,
				85813C8429B062C500D84737 /* API.swift */,
				85FF901529B061BA00BD5027 /* ChannelVC.swift */,
				85FF901C29B061BB00BD5027 /* SignInVC.swift */,
				85FF901729B061BA00BD5027 /* SignUpVC.swift */,
				85FF901829B061BA00BD5027 /* MessageVC.swift */,
				85FF903529B061E000BD5027 /* Extention */,
			);
			path = Socket;
			sourceTree = "<group>";
		};
		85FF903529B061E000BD5027 /* Extention */ = {
			isa = PBXGroup;
			children = (
				85FF901A29B061BB00BD5027 /* ImageItem.swift */,
				85FF901D29B061BB00BD5027 /* Message .swift */,
				85FF902129B061BC00BD5027 /* MessageTableViewCell.swift */,
				85FF901B29B061BB00BD5027 /* Mocks.swift */,
				85FF902229B061BC00BD5027 /* NSObjc.swift */,
				85FF901629B061BA00BD5027 /* Question.swift */,
				85FF902329B061BC00BD5027 /* Sender.swift */,
				85FF902029B061BC00BD5027 /* Signin.swift */,
				85FF901929B061BA00BD5027 /* Signup.swift */,
				85FF901429B061BA00BD5027 /* Channel.swift */,
				85FF901E29B061BB00BD5027 /* Color.swift */,
			);
			name = Extention;
			path = Extention/Extention;
			sourceTree = "<group>";
		};
/* End PBXGroup section */

/* Begin PBXNativeTarget section */
		85FF8FF929B0616000BD5027 /* Socket */ = {
			isa = PBXNativeTarget;
			buildConfigurationList = 85FF901129B0616000BD5027 /* Build configuration list for PBXNativeTarget "Socket" */;
			buildPhases = (
				85FF8FF629B0616000BD5027 /* Sources */,
				85FF8FF729B0616000BD5027 /* Frameworks */,
				85FF8FF829B0616000BD5027 /* Resources */,
			);
			buildRules = (
			);
			dependencies = (
			);
			name = Socket;
			packageProductDependencies = (
				85813C8A29B0635300D84737 /* Alamofire */,
				85813C8D29B0636100D84737 /* SnapKit */,
				85813C9029B0637500D84737 /* Then */,
				85813C9329B063A000D84737 /* MessageKit */,
				85297D4F29B8ABEF001ACE8F /* SwiftStomp */,
			);
			productName = Socket;
			productReference = 85FF8FFA29B0616000BD5027 /* Socket.app */;
			productType = "com.apple.product-type.application";
		};
/* End PBXNativeTarget section */

/* Begin PBXProject section */
		85FF8FF229B0616000BD5027 /* Project object */ = {
			isa = PBXProject;
			attributes = {
				BuildIndependentTargetsInParallel = 1;
				LastSwiftUpdateCheck = 1420;
				LastUpgradeCheck = 1420;
				TargetAttributes = {
					85FF8FF929B0616000BD5027 = {
						CreatedOnToolsVersion = 14.2;
					};
				};
			};
			buildConfigurationList = 85FF8FF529B0616000BD5027 /* Build configuration list for PBXProject "Socket" */;
			compatibilityVersion = "Xcode 14.0";
			developmentRegion = en;
			hasScannedForEncodings = 0;
			knownRegions = (
				en,
				Base,
			);
			mainGroup = 85FF8FF129B0616000BD5027;
			packageReferences = (
				85813C8929B0635300D84737 /* XCRemoteSwiftPackageReference "Alamofire" */,
				85813C8C29B0636100D84737 /* XCRemoteSwiftPackageReference "SnapKit" */,
				85813C8F29B0637500D84737 /* XCRemoteSwiftPackageReference "Then" */,
				85813C9229B063A000D84737 /* XCRemoteSwiftPackageReference "MessageKit" */,
				85297D4E29B8ABEF001ACE8F /* XCRemoteSwiftPackageReference "SwiftStomp" */,
			);
			productRefGroup = 85FF8FFB29B0616000BD5027 /* Products */;
			projectDirPath = "";
			projectRoot = "";
			targets = (
				85FF8FF929B0616000BD5027 /* Socket */,
			);
		};
/* End PBXProject section */

/* Begin PBXResourcesBuildPhase section */
		85FF8FF829B0616000BD5027 /* Resources */ = {
			isa = PBXResourcesBuildPhase;
			buildActionMask = 2147483647;
			files = (
				85FF900D29B0616000BD5027 /* LaunchScreen.storyboard in Resources */,
				85FF900A29B0616000BD5027 /* Assets.xcassets in Resources */,
			);
			runOnlyForDeploymentPostprocessing = 0;
		};
/* End PBXResourcesBuildPhase section */

/* Begin PBXSourcesBuildPhase section */
		85FF8FF629B0616000BD5027 /* Sources */ = {
			isa = PBXSourcesBuildPhase;
			buildActionMask = 2147483647;
			files = (
				85FF902B29B061BC00BD5027 /* Mocks.swift in Sources */,
				85813C8529B062C500D84737 /* API.swift in Sources */,
				85FF902829B061BC00BD5027 /* MessageVC.swift in Sources */,
				85FF902C29B061BC00BD5027 /* SignInVC.swift in Sources */,
				85FF902729B061BC00BD5027 /* SignUpVC.swift in Sources */,
				85FF903329B061BC00BD5027 /* Sender.swift in Sources */,
				85FF900229B0616000BD5027 /* ViewController.swift in Sources */,
				85FF902429B061BC00BD5027 /* Channel.swift in Sources */,
				85FF902A29B061BC00BD5027 /* ImageItem.swift in Sources */,
				85FF902D29B061BC00BD5027 /* Message .swift in Sources */,
				85FF8FFE29B0616000BD5027 /* AppDelegate.swift in Sources */,
				85FF902E29B061BC00BD5027 /* Color.swift in Sources */,
				85FF902929B061BC00BD5027 /* Signup.swift in Sources */,
				85FF903229B061BC00BD5027 /* NSObjc.swift in Sources */,
				85FF902629B061BC00BD5027 /* Question.swift in Sources */,
				85FF900029B0616000BD5027 /* SceneDelegate.swift in Sources */,
				85FF903129B061BC00BD5027 /* MessageTableViewCell.swift in Sources */,
				85FF902529B061BC00BD5027 /* ChannelVC.swift in Sources */,
				85FF903029B061BC00BD5027 /* Signin.swift in Sources */,
			);
			runOnlyForDeploymentPostprocessing = 0;
		};
/* End PBXSourcesBuildPhase section */

/* Begin PBXVariantGroup section */
		85FF900B29B0616000BD5027 /* LaunchScreen.storyboard */ = {
			isa = PBXVariantGroup;
			children = (
				85FF900C29B0616000BD5027 /* Base */,
			);
			name = LaunchScreen.storyboard;
			sourceTree = "<group>";
		};
/* End PBXVariantGroup section */

/* Begin XCBuildConfiguration section */
		85FF900F29B0616000BD5027 /* Debug */ = {
			isa = XCBuildConfiguration;
			buildSettings = {
				ALWAYS_SEARCH_USER_PATHS = NO;
				CLANG_ANALYZER_NONNULL = YES;
				CLANG_ANALYZER_NUMBER_OBJECT_CONVERSION = YES_AGGRESSIVE;
				CLANG_CXX_LANGUAGE_STANDARD = "gnu++20";
				CLANG_ENABLE_MODULES = YES;
				CLANG_ENABLE_OBJC_ARC = YES;
				CLANG_ENABLE_OBJC_WEAK = YES;
				CLANG_WARN_BLOCK_CAPTURE_AUTORELEASING = YES;
				CLANG_WARN_BOOL_CONVERSION = YES;
				CLANG_WARN_COMMA = YES;
				CLANG_WARN_CONSTANT_CONVERSION = YES;
				CLANG_WARN_DEPRECATED_OBJC_IMPLEMENTATIONS = YES;
				CLANG_WARN_DIRECT_OBJC_ISA_USAGE = YES_ERROR;
				CLANG_WARN_DOCUMENTATION_COMMENTS = YES;
				CLANG_WARN_EMPTY_BODY = YES;
				CLANG_WARN_ENUM_CONVERSION = YES;
				CLANG_WARN_INFINITE_RECURSION = YES;
				CLANG_WARN_INT_CONVERSION = YES;
				CLANG_WARN_NON_LITERAL_NULL_CONVERSION = YES;
				CLANG_WARN_OBJC_IMPLICIT_RETAIN_SELF = YES;
				CLANG_WARN_OBJC_LITERAL_CONVERSION = YES;
				CLANG_WARN_OBJC_ROOT_CLASS = YES_ERROR;
				CLANG_WARN_QUOTED_INCLUDE_IN_FRAMEWORK_HEADER = YES;
				CLANG_WARN_RANGE_LOOP_ANALYSIS = YES;
				CLANG_WARN_STRICT_PROTOTYPES = YES;
				CLANG_WARN_SUSPICIOUS_MOVE = YES;
				CLANG_WARN_UNGUARDED_AVAILABILITY = YES_AGGRESSIVE;
				CLANG_WARN_UNREACHABLE_CODE = YES;
				CLANG_WARN__DUPLICATE_METHOD_MATCH = YES;
				COPY_PHASE_STRIP = NO;
				DEBUG_INFORMATION_FORMAT = dwarf;
				ENABLE_STRICT_OBJC_MSGSEND = YES;
				ENABLE_TESTABILITY = YES;
				GCC_C_LANGUAGE_STANDARD = gnu11;
				GCC_DYNAMIC_NO_PIC = NO;
				GCC_NO_COMMON_BLOCKS = YES;
				GCC_OPTIMIZATION_LEVEL = 0;
				GCC_PREPROCESSOR_DEFINITIONS = (
					"DEBUG=1",
					"$(inherited)",
				);
				GCC_WARN_64_TO_32_BIT_CONVERSION = YES;
				GCC_WARN_ABOUT_RETURN_TYPE = YES_ERROR;
				GCC_WARN_UNDECLARED_SELECTOR = YES;
				GCC_WARN_UNINITIALIZED_AUTOS = YES_AGGRESSIVE;
				GCC_WARN_UNUSED_FUNCTION = YES;
				GCC_WARN_UNUSED_VARIABLE = YES;
				IPHONEOS_DEPLOYMENT_TARGET = 16.2;
				MTL_ENABLE_DEBUG_INFO = INCLUDE_SOURCE;
				MTL_FAST_MATH = YES;
				ONLY_ACTIVE_ARCH = YES;
				SDKROOT = iphoneos;
				SWIFT_ACTIVE_COMPILATION_CONDITIONS = DEBUG;
				SWIFT_OPTIMIZATION_LEVEL = "-Onone";
			};
			name = Debug;
		};
		85FF901029B0616000BD5027 /* Release */ = {
			isa = XCBuildConfiguration;
			buildSettings = {
				ALWAYS_SEARCH_USER_PATHS = NO;
				CLANG_ANALYZER_NONNULL = YES;
				CLANG_ANALYZER_NUMBER_OBJECT_CONVERSION = YES_AGGRESSIVE;
				CLANG_CXX_LANGUAGE_STANDARD = "gnu++20";
				CLANG_ENABLE_MODULES = YES;
				CLANG_ENABLE_OBJC_ARC = YES;
				CLANG_ENABLE_OBJC_WEAK = YES;
				CLANG_WARN_BLOCK_CAPTURE_AUTORELEASING = YES;
				CLANG_WARN_BOOL_CONVERSION = YES;
				CLANG_WARN_COMMA = YES;
				CLANG_WARN_CONSTANT_CONVERSION = YES;
				CLANG_WARN_DEPRECATED_OBJC_IMPLEMENTATIONS = YES;
				CLANG_WARN_DIRECT_OBJC_ISA_USAGE = YES_ERROR;
				CLANG_WARN_DOCUMENTATION_COMMENTS = YES;
				CLANG_WARN_EMPTY_BODY = YES;
				CLANG_WARN_ENUM_CONVERSION = YES;
				CLANG_WARN_INFINITE_RECURSION = YES;
				CLANG_WARN_INT_CONVERSION = YES;
				CLANG_WARN_NON_LITERAL_NULL_CONVERSION = YES;
				CLANG_WARN_OBJC_IMPLICIT_RETAIN_SELF = YES;
				CLANG_WARN_OBJC_LITERAL_CONVERSION = YES;
				CLANG_WARN_OBJC_ROOT_CLASS = YES_ERROR;
				CLANG_WARN_QUOTED_INCLUDE_IN_FRAMEWORK_HEADER = YES;
				CLANG_WARN_RANGE_LOOP_ANALYSIS = YES;
				CLANG_WARN_STRICT_PROTOTYPES = YES;
				CLANG_WARN_SUSPICIOUS_MOVE = YES;
				CLANG_WARN_UNGUARDED_AVAILABILITY = YES_AGGRESSIVE;
				CLANG_WARN_UNREACHABLE_CODE = YES;
				CLANG_WARN__DUPLICATE_METHOD_MATCH = YES;
				COPY_PHASE_STRIP = NO;
				DEBUG_INFORMATION_FORMAT = "dwarf-with-dsym";
				ENABLE_NS_ASSERTIONS = NO;
				ENABLE_STRICT_OBJC_MSGSEND = YES;
				GCC_C_LANGUAGE_STANDARD = gnu11;
				GCC_NO_COMMON_BLOCKS = YES;
				GCC_WARN_64_TO_32_BIT_CONVERSION = YES;
				GCC_WARN_ABOUT_RETURN_TYPE = YES_ERROR;
				GCC_WARN_UNDECLARED_SELECTOR = YES;
				GCC_WARN_UNINITIALIZED_AUTOS = YES_AGGRESSIVE;
				GCC_WARN_UNUSED_FUNCTION = YES;
				GCC_WARN_UNUSED_VARIABLE = YES;
				IPHONEOS_DEPLOYMENT_TARGET = 16.2;
				MTL_ENABLE_DEBUG_INFO = NO;
				MTL_FAST_MATH = YES;
				SDKROOT = iphoneos;
				SWIFT_COMPILATION_MODE = wholemodule;
				SWIFT_OPTIMIZATION_LEVEL = "-O";
				VALIDATE_PRODUCT = YES;
			};
			name = Release;
		};
		85FF901229B0616000BD5027 /* Debug */ = {
			isa = XCBuildConfiguration;
			buildSettings = {
				ASSETCATALOG_COMPILER_APPICON_NAME = AppIcon;
				ASSETCATALOG_COMPILER_GLOBAL_ACCENT_COLOR_NAME = AccentColor;
				CODE_SIGN_STYLE = Automatic;
				CURRENT_PROJECT_VERSION = 1;
				DEVELOPMENT_TEAM = W7X5HRD463;
				GENERATE_INFOPLIST_FILE = YES;
				INFOPLIST_FILE = Socket/Info.plist;
				INFOPLIST_KEY_UIApplicationSupportsIndirectInputEvents = YES;
				INFOPLIST_KEY_UILaunchStoryboardName = LaunchScreen;
				INFOPLIST_KEY_UISupportedInterfaceOrientations_iPad = "UIInterfaceOrientationPortrait UIInterfaceOrientationPortraitUpsideDown UIInterfaceOrientationLandscapeLeft UIInterfaceOrientationLandscapeRight";
				INFOPLIST_KEY_UISupportedInterfaceOrientations_iPhone = "UIInterfaceOrientationPortrait UIInterfaceOrientationLandscapeLeft UIInterfaceOrientationLandscapeRight";
				LD_RUNPATH_SEARCH_PATHS = (
					"$(inherited)",
					"@executable_path/Frameworks",
				);
				MARKETING_VERSION = 1.0;
				PRODUCT_BUNDLE_IDENTIFIER = Study.Socket;
				PRODUCT_NAME = "$(TARGET_NAME)";
				SWIFT_EMIT_LOC_STRINGS = YES;
				SWIFT_VERSION = 5.0;
				TARGETED_DEVICE_FAMILY = "1,2";
			};
			name = Debug;
		};
		85FF901329B0616000BD5027 /* Release */ = {
			isa = XCBuildConfiguration;
			buildSettings = {
				ASSETCATALOG_COMPILER_APPICON_NAME = AppIcon;
				ASSETCATALOG_COMPILER_GLOBAL_ACCENT_COLOR_NAME = AccentColor;
				CODE_SIGN_STYLE = Automatic;
				CURRENT_PROJECT_VERSION = 1;
				DEVELOPMENT_TEAM = W7X5HRD463;
				GENERATE_INFOPLIST_FILE = YES;
				INFOPLIST_FILE = Socket/Info.plist;
				INFOPLIST_KEY_UIApplicationSupportsIndirectInputEvents = YES;
				INFOPLIST_KEY_UILaunchStoryboardName = LaunchScreen;
				INFOPLIST_KEY_UISupportedInterfaceOrientations_iPad = "UIInterfaceOrientationPortrait UIInterfaceOrientationPortraitUpsideDown UIInterfaceOrientationLandscapeLeft UIInterfaceOrientationLandscapeRight";
				INFOPLIST_KEY_UISupportedInterfaceOrientations_iPhone = "UIInterfaceOrientationPortrait UIInterfaceOrientationLandscapeLeft UIInterfaceOrientationLandscapeRight";
				LD_RUNPATH_SEARCH_PATHS = (
					"$(inherited)",
					"@executable_path/Frameworks",
				);
				MARKETING_VERSION = 1.0;
				PRODUCT_BUNDLE_IDENTIFIER = Study.Socket;
				PRODUCT_NAME = "$(TARGET_NAME)";
				SWIFT_EMIT_LOC_STRINGS = YES;
				SWIFT_VERSION = 5.0;
				TARGETED_DEVICE_FAMILY = "1,2";
			};
			name = Release;
		};
/* End XCBuildConfiguration section */

/* Begin XCConfigurationList section */
		85FF8FF529B0616000BD5027 /* Build configuration list for PBXProject "Socket" */ = {
			isa = XCConfigurationList;
			buildConfigurations = (
				85FF900F29B0616000BD5027 /* Debug */,
				85FF901029B0616000BD5027 /* Release */,
			);
			defaultConfigurationIsVisible = 0;
			defaultConfigurationName = Release;
		};
		85FF901129B0616000BD5027 /* Build configuration list for PBXNativeTarget "Socket" */ = {
			isa = XCConfigurationList;
			buildConfigurations = (
				85FF901229B0616000BD5027 /* Debug */,
				85FF901329B0616000BD5027 /* Release */,
			);
			defaultConfigurationIsVisible = 0;
			defaultConfigurationName = Release;
		};
/* End XCConfigurationList section */

/* Begin XCRemoteSwiftPackageReference section */
		85297D4E29B8ABEF001ACE8F /* XCRemoteSwiftPackageReference "SwiftStomp" */ = {
			isa = XCRemoteSwiftPackageReference;
			repositoryURL = "https://github.com/Romixery/SwiftStomp";
			requirement = {
				kind = upToNextMajorVersion;
				minimumVersion = 1.0.4;
			};
		};
		85813C8929B0635300D84737 /* XCRemoteSwiftPackageReference "Alamofire" */ = {
			isa = XCRemoteSwiftPackageReference;
			repositoryURL = "https://github.com/Alamofire/Alamofire";
			requirement = {
				kind = upToNextMajorVersion;
				minimumVersion = 5.0.0;
			};
		};
		85813C8C29B0636100D84737 /* XCRemoteSwiftPackageReference "SnapKit" */ = {
			isa = XCRemoteSwiftPackageReference;
			repositoryURL = "https://github.com/SnapKit/SnapKit.git";
			requirement = {
				branch = develop;
				kind = branch;
			};
		};
		85813C8F29B0637500D84737 /* XCRemoteSwiftPackageReference "Then" */ = {
			isa = XCRemoteSwiftPackageReference;
			repositoryURL = "https://github.com/devxoul/Then.git";
			requirement = {
				branch = master;
				kind = branch;
			};
		};
		85813C9229B063A000D84737 /* XCRemoteSwiftPackageReference "MessageKit" */ = {
			isa = XCRemoteSwiftPackageReference;
			repositoryURL = "https://github.com/MessageKit/MessageKit";
			requirement = {
				branch = main;
				kind = branch;
			};
		};
/* End XCRemoteSwiftPackageReference section */

/* Begin XCSwiftPackageProductDependency section */
		85297D4F29B8ABEF001ACE8F /* SwiftStomp */ = {
			isa = XCSwiftPackageProductDependency;
			package = 85297D4E29B8ABEF001ACE8F /* XCRemoteSwiftPackageReference "SwiftStomp" */;
			productName = SwiftStomp;
		};
		85813C8A29B0635300D84737 /* Alamofire */ = {
			isa = XCSwiftPackageProductDependency;
			package = 85813C8929B0635300D84737 /* XCRemoteSwiftPackageReference "Alamofire" */;
			productName = Alamofire;
		};
		85813C8D29B0636100D84737 /* SnapKit */ = {
			isa = XCSwiftPackageProductDependency;
			package = 85813C8C29B0636100D84737 /* XCRemoteSwiftPackageReference "SnapKit" */;
			productName = SnapKit;
		};
		85813C9029B0637500D84737 /* Then */ = {
			isa = XCSwiftPackageProductDependency;
			package = 85813C8F29B0637500D84737 /* XCRemoteSwiftPackageReference "Then" */;
			productName = Then;
		};
		85813C9329B063A000D84737 /* MessageKit */ = {
			isa = XCSwiftPackageProductDependency;
			package = 85813C9229B063A000D84737 /* XCRemoteSwiftPackageReference "MessageKit" */;
			productName = MessageKit;
		};
/* End XCSwiftPackageProductDependency section */
	};
	rootObject = 85FF8FF229B0616000BD5027 /* Project object */;
}
